// !$*UTF8*$!
{
	archiveVersion = 1;
	classes = {
	};
	objectVersion = 50;
	objects = {

/* Begin PBXBuildFile section */
		E61D9E3E24EBFB0400A29695 /* AppDelegate.swift in Sources */ = {isa = PBXBuildFile; fileRef = E61D9E3D24EBFB0400A29695 /* AppDelegate.swift */; };
		E61D9E4024EBFB0400A29695 /* SceneDelegate.swift in Sources */ = {isa = PBXBuildFile; fileRef = E61D9E3F24EBFB0400A29695 /* SceneDelegate.swift */; };
		E61D9E4524EBFB0400A29695 /* Main.storyboard in Resources */ = {isa = PBXBuildFile; fileRef = E61D9E4324EBFB0400A29695 /* Main.storyboard */; };
		E61D9E4724EBFB0600A29695 /* Assets.xcassets in Resources */ = {isa = PBXBuildFile; fileRef = E61D9E4624EBFB0600A29695 /* Assets.xcassets */; };
		E61D9E4A24EBFB0600A29695 /* LaunchScreen.storyboard in Resources */ = {isa = PBXBuildFile; fileRef = E61D9E4824EBFB0600A29695 /* LaunchScreen.storyboard */; };
		E61D9E5524EBFB0600A29695 /* UserSavingTests.swift in Sources */ = {isa = PBXBuildFile; fileRef = E61D9E5424EBFB0600A29695 /* UserSavingTests.swift */; };
		E63D015B24F07C10007CC12B /* MessageStore.swift in Sources */ = {isa = PBXBuildFile; fileRef = E63D015A24F07C10007CC12B /* MessageStore.swift */; };
		E63D015D24F07C71007CC12B /* MessageFeatures.swift in Sources */ = {isa = PBXBuildFile; fileRef = E63D015C24F07C71007CC12B /* MessageFeatures.swift */; };
		E63D015F24F07CEF007CC12B /* LocalMessageFeatures.swift in Sources */ = {isa = PBXBuildFile; fileRef = E63D015E24F07CEF007CC12B /* LocalMessageFeatures.swift */; };
		E63D017D24F07EA5007CC12B /* ChatStore.swift in Sources */ = {isa = PBXBuildFile; fileRef = E63D017924F07EA5007CC12B /* ChatStore.swift */; };
		E63D017E24F07EA5007CC12B /* LocalChat.swift in Sources */ = {isa = PBXBuildFile; fileRef = E63D017A24F07EA5007CC12B /* LocalChat.swift */; };
		E63D017F24F07EA5007CC12B /* LocalChatFeatures.swift in Sources */ = {isa = PBXBuildFile; fileRef = E63D017B24F07EA5007CC12B /* LocalChatFeatures.swift */; };
		E63D018024F07EA5007CC12B /* ChatFeatures.swift in Sources */ = {isa = PBXBuildFile; fileRef = E63D017C24F07EA5007CC12B /* ChatFeatures.swift */; };
		E63D018224F080A1007CC12B /* CoreData+ChatStore.swift in Sources */ = {isa = PBXBuildFile; fileRef = E63D018124F080A1007CC12B /* CoreData+ChatStore.swift */; };
		E63D018524F1C3A5007CC12B /* UserGenerator.swift in Sources */ = {isa = PBXBuildFile; fileRef = E63D018424F1C3A5007CC12B /* UserGenerator.swift */; };
		E64050C424ED151900F8D26C /* User.swift in Sources */ = {isa = PBXBuildFile; fileRef = E64050C324ED151900F8D26C /* User.swift */; };
		E65A53F824EE7835002D88C8 /* UserStore.swift in Sources */ = {isa = PBXBuildFile; fileRef = E65A53F724EE7835002D88C8 /* UserStore.swift */; };
		E65A53FA24EE7864002D88C8 /* LocalUser.swift in Sources */ = {isa = PBXBuildFile; fileRef = E65A53F924EE7864002D88C8 /* LocalUser.swift */; };
		E65A53FC24EE7896002D88C8 /* LocalMessage.swift in Sources */ = {isa = PBXBuildFile; fileRef = E65A53FB24EE7896002D88C8 /* LocalMessage.swift */; };
		E65A53FF24EE7985002D88C8 /* LocalUserFeatures.swift in Sources */ = {isa = PBXBuildFile; fileRef = E65A53FE24EE7985002D88C8 /* LocalUserFeatures.swift */; };
		E65A540324EE7E83002D88C8 /* UserRetrievingTests.swift in Sources */ = {isa = PBXBuildFile; fileRef = E65A540224EE7E83002D88C8 /* UserRetrievingTests.swift */; };
		E65A540624EE7F3F002D88C8 /* UserStoreSpy.swift in Sources */ = {isa = PBXBuildFile; fileRef = E65A540524EE7F3F002D88C8 /* UserStoreSpy.swift */; };
		E65A540924EE7F7C002D88C8 /* CommonHelpers.swift in Sources */ = {isa = PBXBuildFile; fileRef = E65A540824EE7F7C002D88C8 /* CommonHelpers.swift */; };
		E65A540F24EF15E5002D88C8 /* UserDeletionTests.swift in Sources */ = {isa = PBXBuildFile; fileRef = E65A540E24EF15E5002D88C8 /* UserDeletionTests.swift */; };
		E65A542024EF2C36002D88C8 /* ManagedChat.swift in Sources */ = {isa = PBXBuildFile; fileRef = E65A541F24EF2C36002D88C8 /* ManagedChat.swift */; };
		E65A542224EF2CC9002D88C8 /* ManagedUser.swift in Sources */ = {isa = PBXBuildFile; fileRef = E65A542124EF2CC9002D88C8 /* ManagedUser.swift */; };
		E65A542424EF2D0B002D88C8 /* ManagedMessage.swift in Sources */ = {isa = PBXBuildFile; fileRef = E65A542324EF2D0B002D88C8 /* ManagedMessage.swift */; };
		E66A27CF24F0653D0097B163 /* Store.xcdatamodeld in Sources */ = {isa = PBXBuildFile; fileRef = E66A27CD24F0653D0097B163 /* Store.xcdatamodeld */; };
		E66A27D124F065AF0097B163 /* CoreDataStore.swift in Sources */ = {isa = PBXBuildFile; fileRef = E66A27D024F065AF0097B163 /* CoreDataStore.swift */; };
		E66A27D324F066140097B163 /* CoreDataHelpers.swift in Sources */ = {isa = PBXBuildFile; fileRef = E66A27D224F066140097B163 /* CoreDataHelpers.swift */; };
		E66A27D524F066450097B163 /* CoreData+UserStore.swift in Sources */ = {isa = PBXBuildFile; fileRef = E66A27D424F066450097B163 /* CoreData+UserStore.swift */; };
		E68D9EB324ED1760005AEB83 /* Message.swift in Sources */ = {isa = PBXBuildFile; fileRef = E68D9EB224ED1760005AEB83 /* Message.swift */; };
		E68D9EB624ED186E005AEB83 /* Chat.swift in Sources */ = {isa = PBXBuildFile; fileRef = E68D9EB524ED186E005AEB83 /* Chat.swift */; };
		E6B875A524F2C9790037E69F /* ChatDetailViewController.swift in Sources */ = {isa = PBXBuildFile; fileRef = E6B875A324F2C9780037E69F /* ChatDetailViewController.swift */; };
		E6B875A624F2C9790037E69F /* UsersViewController.swift in Sources */ = {isa = PBXBuildFile; fileRef = E6B875A424F2C9790037E69F /* UsersViewController.swift */; };
		E6B875A824F2CC710037E69F /* NotificationCenterHelper.swift in Sources */ = {isa = PBXBuildFile; fileRef = E6B875A724F2CC700037E69F /* NotificationCenterHelper.swift */; };
		E6B875AB24F2CD400037E69F /* TableUserController.swift in Sources */ = {isa = PBXBuildFile; fileRef = E6B875AA24F2CD400037E69F /* TableUserController.swift */; };
		E6B875AE24F2CDA30037E69F /* TableUserViewModel.swift in Sources */ = {isa = PBXBuildFile; fileRef = E6B875AD24F2CDA30037E69F /* TableUserViewModel.swift */; };
		E6B875B324F2CE360037E69F /* BaseTableViewCell.swift in Sources */ = {isa = PBXBuildFile; fileRef = E6B875AF24F2CE360037E69F /* BaseTableViewCell.swift */; };
		E6B875B424F2CE360037E69F /* SenderTableViewCell.swift in Sources */ = {isa = PBXBuildFile; fileRef = E6B875B024F2CE360037E69F /* SenderTableViewCell.swift */; };
		E6B875B524F2CE360037E69F /* UserTableViewCell.swift in Sources */ = {isa = PBXBuildFile; fileRef = E6B875B124F2CE360037E69F /* UserTableViewCell.swift */; };
		E6B875B624F2CE360037E69F /* ReceiverTableViewCell.swift in Sources */ = {isa = PBXBuildFile; fileRef = E6B875B224F2CE360037E69F /* ReceiverTableViewCell.swift */; };
		E6B875B824F2DC7E0037E69F /* UserViewComposer.swift in Sources */ = {isa = PBXBuildFile; fileRef = E6B875B724F2DC7E0037E69F /* UserViewComposer.swift */; };
		E6B875BA24F30F320037E69F /* UserFeatures.swift in Sources */ = {isa = PBXBuildFile; fileRef = E6B875B924F30F320037E69F /* UserFeatures.swift */; };
/* End PBXBuildFile section */

/* Begin PBXContainerItemProxy section */
		E61D9E5124EBFB0600A29695 /* PBXContainerItemProxy */ = {
			isa = PBXContainerItemProxy;
			containerPortal = E61D9E3224EBFB0400A29695 /* Project object */;
			proxyType = 1;
			remoteGlobalIDString = E61D9E3924EBFB0400A29695;
			remoteInfo = ParrotChat;
		};
/* End PBXContainerItemProxy section */

/* Begin PBXFileReference section */
		E61D9E3A24EBFB0400A29695 /* ParrotChat.app */ = {isa = PBXFileReference; explicitFileType = wrapper.application; includeInIndex = 0; path = ParrotChat.app; sourceTree = BUILT_PRODUCTS_DIR; };
		E61D9E3D24EBFB0400A29695 /* AppDelegate.swift */ = {isa = PBXFileReference; lastKnownFileType = sourcecode.swift; path = AppDelegate.swift; sourceTree = "<group>"; };
		E61D9E3F24EBFB0400A29695 /* SceneDelegate.swift */ = {isa = PBXFileReference; lastKnownFileType = sourcecode.swift; path = SceneDelegate.swift; sourceTree = "<group>"; };
		E61D9E4424EBFB0400A29695 /* Base */ = {isa = PBXFileReference; lastKnownFileType = file.storyboard; name = Base; path = Base.lproj/Main.storyboard; sourceTree = "<group>"; };
		E61D9E4624EBFB0600A29695 /* Assets.xcassets */ = {isa = PBXFileReference; lastKnownFileType = folder.assetcatalog; path = Assets.xcassets; sourceTree = "<group>"; };
		E61D9E4924EBFB0600A29695 /* Base */ = {isa = PBXFileReference; lastKnownFileType = file.storyboard; name = Base; path = Base.lproj/LaunchScreen.storyboard; sourceTree = "<group>"; };
		E61D9E4B24EBFB0600A29695 /* Info.plist */ = {isa = PBXFileReference; lastKnownFileType = text.plist.xml; path = Info.plist; sourceTree = "<group>"; };
		E61D9E5024EBFB0600A29695 /* ParrotChatTests.xctest */ = {isa = PBXFileReference; explicitFileType = wrapper.cfbundle; includeInIndex = 0; path = ParrotChatTests.xctest; sourceTree = BUILT_PRODUCTS_DIR; };
		E61D9E5424EBFB0600A29695 /* UserSavingTests.swift */ = {isa = PBXFileReference; lastKnownFileType = sourcecode.swift; path = UserSavingTests.swift; sourceTree = "<group>"; };
		E61D9E5624EBFB0600A29695 /* Info.plist */ = {isa = PBXFileReference; lastKnownFileType = text.plist.xml; path = Info.plist; sourceTree = "<group>"; };
		E63D015A24F07C10007CC12B /* MessageStore.swift */ = {isa = PBXFileReference; lastKnownFileType = sourcecode.swift; path = MessageStore.swift; sourceTree = "<group>"; };
		E63D015C24F07C71007CC12B /* MessageFeatures.swift */ = {isa = PBXFileReference; lastKnownFileType = sourcecode.swift; path = MessageFeatures.swift; sourceTree = "<group>"; };
		E63D015E24F07CEF007CC12B /* LocalMessageFeatures.swift */ = {isa = PBXFileReference; lastKnownFileType = sourcecode.swift; path = LocalMessageFeatures.swift; sourceTree = "<group>"; };
		E63D017924F07EA5007CC12B /* ChatStore.swift */ = {isa = PBXFileReference; fileEncoding = 4; lastKnownFileType = sourcecode.swift; path = ChatStore.swift; sourceTree = "<group>"; };
		E63D017A24F07EA5007CC12B /* LocalChat.swift */ = {isa = PBXFileReference; fileEncoding = 4; lastKnownFileType = sourcecode.swift; path = LocalChat.swift; sourceTree = "<group>"; };
		E63D017B24F07EA5007CC12B /* LocalChatFeatures.swift */ = {isa = PBXFileReference; fileEncoding = 4; lastKnownFileType = sourcecode.swift; path = LocalChatFeatures.swift; sourceTree = "<group>"; };
		E63D017C24F07EA5007CC12B /* ChatFeatures.swift */ = {isa = PBXFileReference; fileEncoding = 4; lastKnownFileType = sourcecode.swift; path = ChatFeatures.swift; sourceTree = "<group>"; };
		E63D018124F080A1007CC12B /* CoreData+ChatStore.swift */ = {isa = PBXFileReference; lastKnownFileType = sourcecode.swift; path = "CoreData+ChatStore.swift"; sourceTree = "<group>"; };
		E63D018424F1C3A5007CC12B /* UserGenerator.swift */ = {isa = PBXFileReference; lastKnownFileType = sourcecode.swift; path = UserGenerator.swift; sourceTree = "<group>"; };
		E64050C324ED151900F8D26C /* User.swift */ = {isa = PBXFileReference; lastKnownFileType = sourcecode.swift; path = User.swift; sourceTree = "<group>"; };
		E65A53F724EE7835002D88C8 /* UserStore.swift */ = {isa = PBXFileReference; lastKnownFileType = sourcecode.swift; path = UserStore.swift; sourceTree = "<group>"; };
		E65A53F924EE7864002D88C8 /* LocalUser.swift */ = {isa = PBXFileReference; lastKnownFileType = sourcecode.swift; path = LocalUser.swift; sourceTree = "<group>"; };
		E65A53FB24EE7896002D88C8 /* LocalMessage.swift */ = {isa = PBXFileReference; lastKnownFileType = sourcecode.swift; path = LocalMessage.swift; sourceTree = "<group>"; };
		E65A53FE24EE7985002D88C8 /* LocalUserFeatures.swift */ = {isa = PBXFileReference; lastKnownFileType = sourcecode.swift; path = LocalUserFeatures.swift; sourceTree = "<group>"; };
		E65A540224EE7E83002D88C8 /* UserRetrievingTests.swift */ = {isa = PBXFileReference; lastKnownFileType = sourcecode.swift; path = UserRetrievingTests.swift; sourceTree = "<group>"; };
		E65A540524EE7F3F002D88C8 /* UserStoreSpy.swift */ = {isa = PBXFileReference; lastKnownFileType = sourcecode.swift; path = UserStoreSpy.swift; sourceTree = "<group>"; };
		E65A540824EE7F7C002D88C8 /* CommonHelpers.swift */ = {isa = PBXFileReference; lastKnownFileType = sourcecode.swift; path = CommonHelpers.swift; sourceTree = "<group>"; };
		E65A540E24EF15E5002D88C8 /* UserDeletionTests.swift */ = {isa = PBXFileReference; lastKnownFileType = sourcecode.swift; path = UserDeletionTests.swift; sourceTree = "<group>"; };
		E65A541F24EF2C36002D88C8 /* ManagedChat.swift */ = {isa = PBXFileReference; lastKnownFileType = sourcecode.swift; path = ManagedChat.swift; sourceTree = "<group>"; };
		E65A542124EF2CC9002D88C8 /* ManagedUser.swift */ = {isa = PBXFileReference; lastKnownFileType = sourcecode.swift; path = ManagedUser.swift; sourceTree = "<group>"; };
		E65A542324EF2D0B002D88C8 /* ManagedMessage.swift */ = {isa = PBXFileReference; lastKnownFileType = sourcecode.swift; path = ManagedMessage.swift; sourceTree = "<group>"; };
		E66A27CE24F0653D0097B163 /* Store.xcdatamodel */ = {isa = PBXFileReference; lastKnownFileType = wrapper.xcdatamodel; path = Store.xcdatamodel; sourceTree = "<group>"; };
		E66A27D024F065AF0097B163 /* CoreDataStore.swift */ = {isa = PBXFileReference; fileEncoding = 4; lastKnownFileType = sourcecode.swift; path = CoreDataStore.swift; sourceTree = "<group>"; };
		E66A27D224F066140097B163 /* CoreDataHelpers.swift */ = {isa = PBXFileReference; fileEncoding = 4; lastKnownFileType = sourcecode.swift; path = CoreDataHelpers.swift; sourceTree = "<group>"; };
		E66A27D424F066450097B163 /* CoreData+UserStore.swift */ = {isa = PBXFileReference; fileEncoding = 4; lastKnownFileType = sourcecode.swift; path = "CoreData+UserStore.swift"; sourceTree = "<group>"; };
		E68D9EB224ED1760005AEB83 /* Message.swift */ = {isa = PBXFileReference; lastKnownFileType = sourcecode.swift; path = Message.swift; sourceTree = "<group>"; };
		E68D9EB524ED186E005AEB83 /* Chat.swift */ = {isa = PBXFileReference; lastKnownFileType = sourcecode.swift; path = Chat.swift; sourceTree = "<group>"; };
		E6B875A324F2C9780037E69F /* ChatDetailViewController.swift */ = {isa = PBXFileReference; fileEncoding = 4; lastKnownFileType = sourcecode.swift; path = ChatDetailViewController.swift; sourceTree = "<group>"; };
		E6B875A424F2C9790037E69F /* UsersViewController.swift */ = {isa = PBXFileReference; fileEncoding = 4; lastKnownFileType = sourcecode.swift; path = UsersViewController.swift; sourceTree = "<group>"; };
		E6B875A724F2CC700037E69F /* NotificationCenterHelper.swift */ = {isa = PBXFileReference; fileEncoding = 4; lastKnownFileType = sourcecode.swift; path = NotificationCenterHelper.swift; sourceTree = "<group>"; };
		E6B875AA24F2CD400037E69F /* TableUserController.swift */ = {isa = PBXFileReference; lastKnownFileType = sourcecode.swift; path = TableUserController.swift; sourceTree = "<group>"; };
		E6B875AD24F2CDA30037E69F /* TableUserViewModel.swift */ = {isa = PBXFileReference; lastKnownFileType = sourcecode.swift; path = TableUserViewModel.swift; sourceTree = "<group>"; };
		E6B875AF24F2CE360037E69F /* BaseTableViewCell.swift */ = {isa = PBXFileReference; fileEncoding = 4; lastKnownFileType = sourcecode.swift; path = BaseTableViewCell.swift; sourceTree = "<group>"; };
		E6B875B024F2CE360037E69F /* SenderTableViewCell.swift */ = {isa = PBXFileReference; fileEncoding = 4; lastKnownFileType = sourcecode.swift; path = SenderTableViewCell.swift; sourceTree = "<group>"; };
		E6B875B124F2CE360037E69F /* UserTableViewCell.swift */ = {isa = PBXFileReference; fileEncoding = 4; lastKnownFileType = sourcecode.swift; path = UserTableViewCell.swift; sourceTree = "<group>"; };
		E6B875B224F2CE360037E69F /* ReceiverTableViewCell.swift */ = {isa = PBXFileReference; fileEncoding = 4; lastKnownFileType = sourcecode.swift; path = ReceiverTableViewCell.swift; sourceTree = "<group>"; };
		E6B875B724F2DC7E0037E69F /* UserViewComposer.swift */ = {isa = PBXFileReference; lastKnownFileType = sourcecode.swift; path = UserViewComposer.swift; sourceTree = "<group>"; };
		E6B875B924F30F320037E69F /* UserFeatures.swift */ = {isa = PBXFileReference; lastKnownFileType = sourcecode.swift; path = UserFeatures.swift; sourceTree = "<group>"; };
		E6F855DB24EC2AE900CB270D /* README.md */ = {isa = PBXFileReference; lastKnownFileType = net.daringfireball.markdown; path = README.md; sourceTree = "<group>"; };
/* End PBXFileReference section */

/* Begin PBXFrameworksBuildPhase section */
		E61D9E3724EBFB0400A29695 /* Frameworks */ = {
			isa = PBXFrameworksBuildPhase;
			buildActionMask = 2147483647;
			files = (
			);
			runOnlyForDeploymentPostprocessing = 0;
		};
		E61D9E4D24EBFB0600A29695 /* Frameworks */ = {
			isa = PBXFrameworksBuildPhase;
			buildActionMask = 2147483647;
			files = (
			);
			runOnlyForDeploymentPostprocessing = 0;
		};
/* End PBXFrameworksBuildPhase section */

/* Begin PBXGroup section */
		E61D9E3124EBFB0400A29695 = {
			isa = PBXGroup;
			children = (
				E6F855DB24EC2AE900CB270D /* README.md */,
				E61D9E3C24EBFB0400A29695 /* ParrotChat */,
				E61D9E5324EBFB0600A29695 /* ParrotChatTests */,
				E61D9E3B24EBFB0400A29695 /* Products */,
			);
			sourceTree = "<group>";
		};
		E61D9E3B24EBFB0400A29695 /* Products */ = {
			isa = PBXGroup;
			children = (
				E61D9E3A24EBFB0400A29695 /* ParrotChat.app */,
				E61D9E5024EBFB0600A29695 /* ParrotChatTests.xctest */,
			);
			name = Products;
			sourceTree = "<group>";
		};
		E61D9E3C24EBFB0400A29695 /* ParrotChat */ = {
			isa = PBXGroup;
			children = (
				E61D9E3D24EBFB0400A29695 /* AppDelegate.swift */,
				E61D9E3F24EBFB0400A29695 /* SceneDelegate.swift */,
				E63D018324F1C395007CC12B /* Services */,
				E65A541624EF20B1002D88C8 /* CoreData */,
				E68D9EB724ED3274005AEB83 /* Views */,
				E63D018724F1CB9C007CC12B /* Models */,
				E61D9E4B24EBFB0600A29695 /* Info.plist */,
			);
			path = ParrotChat;
			sourceTree = "<group>";
		};
		E61D9E5324EBFB0600A29695 /* ParrotChatTests */ = {
			isa = PBXGroup;
			children = (
				E65A540724EE7F42002D88C8 /* Helper */,
				E65A541524EF1B9F002D88C8 /* User Tests */,
				E61D9E5624EBFB0600A29695 /* Info.plist */,
			);
			path = ParrotChatTests;
			sourceTree = "<group>";
		};
		E63D016824F07DE1007CC12B /* Local */ = {
			isa = PBXGroup;
			children = (
				E63D017C24F07EA5007CC12B /* ChatFeatures.swift */,
				E63D017924F07EA5007CC12B /* ChatStore.swift */,
				E63D017A24F07EA5007CC12B /* LocalChat.swift */,
				E63D017B24F07EA5007CC12B /* LocalChatFeatures.swift */,
			);
			path = Local;
			sourceTree = "<group>";
		};
		E63D018324F1C395007CC12B /* Services */ = {
			isa = PBXGroup;
			children = (
				E6B875A724F2CC700037E69F /* NotificationCenterHelper.swift */,
				E63D018424F1C3A5007CC12B /* UserGenerator.swift */,
				E6B875B724F2DC7E0037E69F /* UserViewComposer.swift */,
			);
			path = Services;
			sourceTree = "<group>";
		};
		E63D018724F1CB9C007CC12B /* Models */ = {
			isa = PBXGroup;
			children = (
				E68D9EB424ED1863005AEB83 /* Chat */,
				E68D9EB124ED1756005AEB83 /* Message */,
				E64050C224ED150700F8D26C /* User */,
			);
			path = Models;
			sourceTree = "<group>";
		};
		E64050C224ED150700F8D26C /* User */ = {
			isa = PBXGroup;
			children = (
				E64050C324ED151900F8D26C /* User.swift */,
				E6B875B924F30F320037E69F /* UserFeatures.swift */,
				E65A53F624EE780E002D88C8 /* Local */,
			);
			path = User;
			sourceTree = "<group>";
		};
		E65A53F624EE780E002D88C8 /* Local */ = {
			isa = PBXGroup;
			children = (
				E65A53F724EE7835002D88C8 /* UserStore.swift */,
				E65A53F924EE7864002D88C8 /* LocalUser.swift */,
				E65A53FE24EE7985002D88C8 /* LocalUserFeatures.swift */,
			);
			path = Local;
			sourceTree = "<group>";
		};
		E65A53FD24EE789B002D88C8 /* Local */ = {
			isa = PBXGroup;
			children = (
				E65A53FB24EE7896002D88C8 /* LocalMessage.swift */,
				E63D015A24F07C10007CC12B /* MessageStore.swift */,
				E63D015C24F07C71007CC12B /* MessageFeatures.swift */,
				E63D015E24F07CEF007CC12B /* LocalMessageFeatures.swift */,
			);
			path = Local;
			sourceTree = "<group>";
		};
		E65A540724EE7F42002D88C8 /* Helper */ = {
			isa = PBXGroup;
			children = (
				E65A540524EE7F3F002D88C8 /* UserStoreSpy.swift */,
				E65A540824EE7F7C002D88C8 /* CommonHelpers.swift */,
			);
			path = Helper;
			sourceTree = "<group>";
		};
		E65A541524EF1B9F002D88C8 /* User Tests */ = {
			isa = PBXGroup;
			children = (
				E61D9E5424EBFB0600A29695 /* UserSavingTests.swift */,
				E65A540224EE7E83002D88C8 /* UserRetrievingTests.swift */,
				E65A540E24EF15E5002D88C8 /* UserDeletionTests.swift */,
			);
			path = "User Tests";
			sourceTree = "<group>";
		};
		E65A541624EF20B1002D88C8 /* CoreData */ = {
			isa = PBXGroup;
			children = (
				E66A27D024F065AF0097B163 /* CoreDataStore.swift */,
				E66A27D424F066450097B163 /* CoreData+UserStore.swift */,
				E63D018124F080A1007CC12B /* CoreData+ChatStore.swift */,
				E66A27D224F066140097B163 /* CoreDataHelpers.swift */,
				E66A27CD24F0653D0097B163 /* Store.xcdatamodeld */,
				E65A541E24EF2C24002D88C8 /* Managed Objects */,
			);
			path = CoreData;
			sourceTree = "<group>";
		};
		E65A541E24EF2C24002D88C8 /* Managed Objects */ = {
			isa = PBXGroup;
			children = (
				E65A541F24EF2C36002D88C8 /* ManagedChat.swift */,
				E65A542124EF2CC9002D88C8 /* ManagedUser.swift */,
				E65A542324EF2D0B002D88C8 /* ManagedMessage.swift */,
			);
			path = "Managed Objects";
			sourceTree = "<group>";
		};
		E68D9EB124ED1756005AEB83 /* Message */ = {
			isa = PBXGroup;
			children = (
				E68D9EB224ED1760005AEB83 /* Message.swift */,
				E65A53FD24EE789B002D88C8 /* Local */,
			);
			path = Message;
			sourceTree = "<group>";
		};
		E68D9EB424ED1863005AEB83 /* Chat */ = {
			isa = PBXGroup;
			children = (
				E68D9EB524ED186E005AEB83 /* Chat.swift */,
				E63D016824F07DE1007CC12B /* Local */,
			);
			path = Chat;
			sourceTree = "<group>";
		};
		E68D9EB724ED3274005AEB83 /* Views */ = {
			isa = PBXGroup;
			children = (
				E6B875AC24F2CD980037E69F /* View Models */,
				E6B875A924F2CD250037E69F /* Controllers */,
				E6B5AE0224F2C8FD008B7A59 /* UI */,
				E6B5AE0124F2C8F7008B7A59 /* Cells */,
				E61D9E4324EBFB0400A29695 /* Main.storyboard */,
				E61D9E4624EBFB0600A29695 /* Assets.xcassets */,
				E61D9E4824EBFB0600A29695 /* LaunchScreen.storyboard */,
			);
			path = Views;
			sourceTree = "<group>";
		};
		E6B5AE0124F2C8F7008B7A59 /* Cells */ = {
			isa = PBXGroup;
			children = (
				E6B875AF24F2CE360037E69F /* BaseTableViewCell.swift */,
				E6B875B124F2CE360037E69F /* UserTableViewCell.swift */,
				E6B875B224F2CE360037E69F /* ReceiverTableViewCell.swift */,
				E6B875B024F2CE360037E69F /* SenderTableViewCell.swift */,
			);
			path = Cells;
			sourceTree = "<group>";
		};
		E6B5AE0224F2C8FD008B7A59 /* UI */ = {
			isa = PBXGroup;
			children = (
				E6B875A324F2C9780037E69F /* ChatDetailViewController.swift */,
				E6B875A424F2C9790037E69F /* UsersViewController.swift */,
			);
			path = UI;
			sourceTree = "<group>";
		};
		E6B875A924F2CD250037E69F /* Controllers */ = {
			isa = PBXGroup;
			children = (
				E6B875AA24F2CD400037E69F /* TableUserController.swift */,
			);
			path = Controllers;
			sourceTree = "<group>";
		};
		E6B875AC24F2CD980037E69F /* View Models */ = {
			isa = PBXGroup;
			children = (
				E6B875AD24F2CDA30037E69F /* TableUserViewModel.swift */,
			);
			path = "View Models";
			sourceTree = "<group>";
		};
/* End PBXGroup section */

/* Begin PBXNativeTarget section */
		E61D9E3924EBFB0400A29695 /* ParrotChat */ = {
			isa = PBXNativeTarget;
			buildConfigurationList = E61D9E5924EBFB0600A29695 /* Build configuration list for PBXNativeTarget "ParrotChat" */;
			buildPhases = (
				E61D9E3624EBFB0400A29695 /* Sources */,
				E61D9E3724EBFB0400A29695 /* Frameworks */,
				E61D9E3824EBFB0400A29695 /* Resources */,
			);
			buildRules = (
			);
			dependencies = (
			);
			name = ParrotChat;
			productName = ParrotChat;
			productReference = E61D9E3A24EBFB0400A29695 /* ParrotChat.app */;
			productType = "com.apple.product-type.application";
		};
		E61D9E4F24EBFB0600A29695 /* ParrotChatTests */ = {
			isa = PBXNativeTarget;
			buildConfigurationList = E61D9E5C24EBFB0600A29695 /* Build configuration list for PBXNativeTarget "ParrotChatTests" */;
			buildPhases = (
				E61D9E4C24EBFB0600A29695 /* Sources */,
				E61D9E4D24EBFB0600A29695 /* Frameworks */,
				E61D9E4E24EBFB0600A29695 /* Resources */,
			);
			buildRules = (
			);
			dependencies = (
				E61D9E5224EBFB0600A29695 /* PBXTargetDependency */,
			);
			name = ParrotChatTests;
			productName = ParrotChatTests;
			productReference = E61D9E5024EBFB0600A29695 /* ParrotChatTests.xctest */;
			productType = "com.apple.product-type.bundle.unit-test";
		};
/* End PBXNativeTarget section */

/* Begin PBXProject section */
		E61D9E3224EBFB0400A29695 /* Project object */ = {
			isa = PBXProject;
			attributes = {
				LastSwiftUpdateCheck = 1160;
				LastUpgradeCheck = 1160;
				ORGANIZATIONNAME = "Shady Kahaleh";
				TargetAttributes = {
					E61D9E3924EBFB0400A29695 = {
						CreatedOnToolsVersion = 11.6;
					};
					E61D9E4F24EBFB0600A29695 = {
						CreatedOnToolsVersion = 11.6;
						TestTargetID = E61D9E3924EBFB0400A29695;
					};
				};
			};
			buildConfigurationList = E61D9E3524EBFB0400A29695 /* Build configuration list for PBXProject "ParrotChat" */;
			compatibilityVersion = "Xcode 9.3";
			developmentRegion = en;
			hasScannedForEncodings = 0;
			knownRegions = (
				en,
				Base,
			);
			mainGroup = E61D9E3124EBFB0400A29695;
			productRefGroup = E61D9E3B24EBFB0400A29695 /* Products */;
			projectDirPath = "";
			projectRoot = "";
			targets = (
				E61D9E3924EBFB0400A29695 /* ParrotChat */,
				E61D9E4F24EBFB0600A29695 /* ParrotChatTests */,
			);
		};
/* End PBXProject section */

/* Begin PBXResourcesBuildPhase section */
		E61D9E3824EBFB0400A29695 /* Resources */ = {
			isa = PBXResourcesBuildPhase;
			buildActionMask = 2147483647;
			files = (
				E61D9E4A24EBFB0600A29695 /* LaunchScreen.storyboard in Resources */,
				E61D9E4724EBFB0600A29695 /* Assets.xcassets in Resources */,
				E61D9E4524EBFB0400A29695 /* Main.storyboard in Resources */,
			);
			runOnlyForDeploymentPostprocessing = 0;
		};
		E61D9E4E24EBFB0600A29695 /* Resources */ = {
			isa = PBXResourcesBuildPhase;
			buildActionMask = 2147483647;
			files = (
			);
			runOnlyForDeploymentPostprocessing = 0;
		};
/* End PBXResourcesBuildPhase section */

/* Begin PBXSourcesBuildPhase section */
		E61D9E3624EBFB0400A29695 /* Sources */ = {
			isa = PBXSourcesBuildPhase;
			buildActionMask = 2147483647;
			files = (
				E66A27D124F065AF0097B163 /* CoreDataStore.swift in Sources */,
				E6B875A824F2CC710037E69F /* NotificationCenterHelper.swift in Sources */,
				E63D018524F1C3A5007CC12B /* UserGenerator.swift in Sources */,
				E6B875AE24F2CDA30037E69F /* TableUserViewModel.swift in Sources */,
				E65A542024EF2C36002D88C8 /* ManagedChat.swift in Sources */,
				E63D015B24F07C10007CC12B /* MessageStore.swift in Sources */,
				E6B875B524F2CE360037E69F /* UserTableViewCell.swift in Sources */,
				E65A542424EF2D0B002D88C8 /* ManagedMessage.swift in Sources */,
				E65A53FC24EE7896002D88C8 /* LocalMessage.swift in Sources */,
				E63D017F24F07EA5007CC12B /* LocalChatFeatures.swift in Sources */,
				E6B875AB24F2CD400037E69F /* TableUserController.swift in Sources */,
				E6B875BA24F30F320037E69F /* UserFeatures.swift in Sources */,
				E63D015D24F07C71007CC12B /* MessageFeatures.swift in Sources */,
				E6B875B424F2CE360037E69F /* SenderTableViewCell.swift in Sources */,
				E63D017D24F07EA5007CC12B /* ChatStore.swift in Sources */,
				E6B875A524F2C9790037E69F /* ChatDetailViewController.swift in Sources */,
				E65A53F824EE7835002D88C8 /* UserStore.swift in Sources */,
				E6B875B624F2CE360037E69F /* ReceiverTableViewCell.swift in Sources */,
				E68D9EB624ED186E005AEB83 /* Chat.swift in Sources */,
				E6B875B824F2DC7E0037E69F /* UserViewComposer.swift in Sources */,
				E6B875B324F2CE360037E69F /* BaseTableViewCell.swift in Sources */,
				E65A542224EF2CC9002D88C8 /* ManagedUser.swift in Sources */,
				E63D017E24F07EA5007CC12B /* LocalChat.swift in Sources */,
				E64050C424ED151900F8D26C /* User.swift in Sources */,
				E65A53FA24EE7864002D88C8 /* LocalUser.swift in Sources */,
				E68D9EB324ED1760005AEB83 /* Message.swift in Sources */,
				E66A27D524F066450097B163 /* CoreData+UserStore.swift in Sources */,
				E61D9E3E24EBFB0400A29695 /* AppDelegate.swift in Sources */,
				E66A27D324F066140097B163 /* CoreDataHelpers.swift in Sources */,
				E63D018224F080A1007CC12B /* CoreData+ChatStore.swift in Sources */,
				E6B875A624F2C9790037E69F /* UsersViewController.swift in Sources */,
				E65A53FF24EE7985002D88C8 /* LocalUserFeatures.swift in Sources */,
				E63D018024F07EA5007CC12B /* ChatFeatures.swift in Sources */,
				E61D9E4024EBFB0400A29695 /* SceneDelegate.swift in Sources */,
				E63D015F24F07CEF007CC12B /* LocalMessageFeatures.swift in Sources */,
				E66A27CF24F0653D0097B163 /* Store.xcdatamodeld in Sources */,
			);
			runOnlyForDeploymentPostprocessing = 0;
		};
		E61D9E4C24EBFB0600A29695 /* Sources */ = {
			isa = PBXSourcesBuildPhase;
			buildActionMask = 2147483647;
			files = (
				E65A540F24EF15E5002D88C8 /* UserDeletionTests.swift in Sources */,
				E65A540624EE7F3F002D88C8 /* UserStoreSpy.swift in Sources */,
				E61D9E5524EBFB0600A29695 /* UserSavingTests.swift in Sources */,
				E65A540924EE7F7C002D88C8 /* CommonHelpers.swift in Sources */,
				E65A540324EE7E83002D88C8 /* UserRetrievingTests.swift in Sources */,
			);
			runOnlyForDeploymentPostprocessing = 0;
		};
/* End PBXSourcesBuildPhase section */

/* Begin PBXTargetDependency section */
		E61D9E5224EBFB0600A29695 /* PBXTargetDependency */ = {
			isa = PBXTargetDependency;
			target = E61D9E3924EBFB0400A29695 /* ParrotChat */;
			targetProxy = E61D9E5124EBFB0600A29695 /* PBXContainerItemProxy */;
		};
/* End PBXTargetDependency section */

/* Begin PBXVariantGroup section */
		E61D9E4324EBFB0400A29695 /* Main.storyboard */ = {
			isa = PBXVariantGroup;
			children = (
				E61D9E4424EBFB0400A29695 /* Base */,
			);
			name = Main.storyboard;
			sourceTree = "<group>";
		};
		E61D9E4824EBFB0600A29695 /* LaunchScreen.storyboard */ = {
			isa = PBXVariantGroup;
			children = (
				E61D9E4924EBFB0600A29695 /* Base */,
			);
			name = LaunchScreen.storyboard;
			sourceTree = "<group>";
		};
/* End PBXVariantGroup section */

/* Begin XCBuildConfiguration section */
		E61D9E5724EBFB0600A29695 /* Debug */ = {
			isa = XCBuildConfiguration;
			buildSettings = {
				ALWAYS_SEARCH_USER_PATHS = NO;
				CLANG_ANALYZER_NONNULL = YES;
				CLANG_ANALYZER_NUMBER_OBJECT_CONVERSION = YES_AGGRESSIVE;
				CLANG_CXX_LANGUAGE_STANDARD = "gnu++14";
				CLANG_CXX_LIBRARY = "libc++";
				CLANG_ENABLE_MODULES = YES;
				CLANG_ENABLE_OBJC_ARC = YES;
				CLANG_ENABLE_OBJC_WEAK = YES;
				CLANG_WARN_BLOCK_CAPTURE_AUTORELEASING = YES;
				CLANG_WARN_BOOL_CONVERSION = YES;
				CLANG_WARN_COMMA = YES;
				CLANG_WARN_CONSTANT_CONVERSION = YES;
				CLANG_WARN_DEPRECATED_OBJC_IMPLEMENTATIONS = YES;
				CLANG_WARN_DIRECT_OBJC_ISA_USAGE = YES_ERROR;
				CLANG_WARN_DOCUMENTATION_COMMENTS = YES;
				CLANG_WARN_EMPTY_BODY = YES;
				CLANG_WARN_ENUM_CONVERSION = YES;
				CLANG_WARN_INFINITE_RECURSION = YES;
				CLANG_WARN_INT_CONVERSION = YES;
				CLANG_WARN_NON_LITERAL_NULL_CONVERSION = YES;
				CLANG_WARN_OBJC_IMPLICIT_RETAIN_SELF = YES;
				CLANG_WARN_OBJC_LITERAL_CONVERSION = YES;
				CLANG_WARN_OBJC_ROOT_CLASS = YES_ERROR;
				CLANG_WARN_RANGE_LOOP_ANALYSIS = YES;
				CLANG_WARN_STRICT_PROTOTYPES = YES;
				CLANG_WARN_SUSPICIOUS_MOVE = YES;
				CLANG_WARN_UNGUARDED_AVAILABILITY = YES_AGGRESSIVE;
				CLANG_WARN_UNREACHABLE_CODE = YES;
				CLANG_WARN__DUPLICATE_METHOD_MATCH = YES;
				COPY_PHASE_STRIP = NO;
				DEBUG_INFORMATION_FORMAT = dwarf;
				ENABLE_STRICT_OBJC_MSGSEND = YES;
				ENABLE_TESTABILITY = YES;
				GCC_C_LANGUAGE_STANDARD = gnu11;
				GCC_DYNAMIC_NO_PIC = NO;
				GCC_NO_COMMON_BLOCKS = YES;
				GCC_OPTIMIZATION_LEVEL = 0;
				GCC_PREPROCESSOR_DEFINITIONS = (
					"DEBUG=1",
					"$(inherited)",
				);
				GCC_WARN_64_TO_32_BIT_CONVERSION = YES;
				GCC_WARN_ABOUT_RETURN_TYPE = YES_ERROR;
				GCC_WARN_UNDECLARED_SELECTOR = YES;
				GCC_WARN_UNINITIALIZED_AUTOS = YES_AGGRESSIVE;
				GCC_WARN_UNUSED_FUNCTION = YES;
				GCC_WARN_UNUSED_VARIABLE = YES;
				IPHONEOS_DEPLOYMENT_TARGET = 13.6;
				MTL_ENABLE_DEBUG_INFO = INCLUDE_SOURCE;
				MTL_FAST_MATH = YES;
				ONLY_ACTIVE_ARCH = YES;
				SDKROOT = iphoneos;
				SWIFT_ACTIVE_COMPILATION_CONDITIONS = DEBUG;
				SWIFT_OPTIMIZATION_LEVEL = "-Onone";
			};
			name = Debug;
		};
		E61D9E5824EBFB0600A29695 /* Release */ = {
			isa = XCBuildConfiguration;
			buildSettings = {
				ALWAYS_SEARCH_USER_PATHS = NO;
				CLANG_ANALYZER_NONNULL = YES;
				CLANG_ANALYZER_NUMBER_OBJECT_CONVERSION = YES_AGGRESSIVE;
				CLANG_CXX_LANGUAGE_STANDARD = "gnu++14";
				CLANG_CXX_LIBRARY = "libc++";
				CLANG_ENABLE_MODULES = YES;
				CLANG_ENABLE_OBJC_ARC = YES;
				CLANG_ENABLE_OBJC_WEAK = YES;
				CLANG_WARN_BLOCK_CAPTURE_AUTORELEASING = YES;
				CLANG_WARN_BOOL_CONVERSION = YES;
				CLANG_WARN_COMMA = YES;
				CLANG_WARN_CONSTANT_CONVERSION = YES;
				CLANG_WARN_DEPRECATED_OBJC_IMPLEMENTATIONS = YES;
				CLANG_WARN_DIRECT_OBJC_ISA_USAGE = YES_ERROR;
				CLANG_WARN_DOCUMENTATION_COMMENTS = YES;
				CLANG_WARN_EMPTY_BODY = YES;
				CLANG_WARN_ENUM_CONVERSION = YES;
				CLANG_WARN_INFINITE_RECURSION = YES;
				CLANG_WARN_INT_CONVERSION = YES;
				CLANG_WARN_NON_LITERAL_NULL_CONVERSION = YES;
				CLANG_WARN_OBJC_IMPLICIT_RETAIN_SELF = YES;
				CLANG_WARN_OBJC_LITERAL_CONVERSION = YES;
				CLANG_WARN_OBJC_ROOT_CLASS = YES_ERROR;
				CLANG_WARN_RANGE_LOOP_ANALYSIS = YES;
				CLANG_WARN_STRICT_PROTOTYPES = YES;
				CLANG_WARN_SUSPICIOUS_MOVE = YES;
				CLANG_WARN_UNGUARDED_AVAILABILITY = YES_AGGRESSIVE;
				CLANG_WARN_UNREACHABLE_CODE = YES;
				CLANG_WARN__DUPLICATE_METHOD_MATCH = YES;
				COPY_PHASE_STRIP = NO;
				DEBUG_INFORMATION_FORMAT = "dwarf-with-dsym";
				ENABLE_NS_ASSERTIONS = NO;
				ENABLE_STRICT_OBJC_MSGSEND = YES;
				GCC_C_LANGUAGE_STANDARD = gnu11;
				GCC_NO_COMMON_BLOCKS = YES;
				GCC_WARN_64_TO_32_BIT_CONVERSION = YES;
				GCC_WARN_ABOUT_RETURN_TYPE = YES_ERROR;
				GCC_WARN_UNDECLARED_SELECTOR = YES;
				GCC_WARN_UNINITIALIZED_AUTOS = YES_AGGRESSIVE;
				GCC_WARN_UNUSED_FUNCTION = YES;
				GCC_WARN_UNUSED_VARIABLE = YES;
				IPHONEOS_DEPLOYMENT_TARGET = 13.6;
				MTL_ENABLE_DEBUG_INFO = NO;
				MTL_FAST_MATH = YES;
				SDKROOT = iphoneos;
				SWIFT_COMPILATION_MODE = wholemodule;
				SWIFT_OPTIMIZATION_LEVEL = "-O";
				VALIDATE_PRODUCT = YES;
			};
			name = Release;
		};
		E61D9E5A24EBFB0600A29695 /* Debug */ = {
			isa = XCBuildConfiguration;
			buildSettings = {
				ASSETCATALOG_COMPILER_APPICON_NAME = AppIcon;
				CODE_SIGN_STYLE = Automatic;
				INFOPLIST_FILE = ParrotChat/Info.plist;
				LD_RUNPATH_SEARCH_PATHS = (
					"$(inherited)",
					"@executable_path/Frameworks",
				);
				MOMC_NO_INVERSE_RELATIONSHIP_WARNINGS = YES;
				PRODUCT_BUNDLE_IDENTIFIER = com.shady.ParrotChat;
				PRODUCT_NAME = "$(TARGET_NAME)";
				SWIFT_VERSION = 5.0;
				TARGETED_DEVICE_FAMILY = "1,2";
			};
			name = Debug;
		};
		E61D9E5B24EBFB0600A29695 /* Release */ = {
			isa = XCBuildConfiguration;
			buildSettings = {
				ASSETCATALOG_COMPILER_APPICON_NAME = AppIcon;
				CODE_SIGN_STYLE = Automatic;
				INFOPLIST_FILE = ParrotChat/Info.plist;
				LD_RUNPATH_SEARCH_PATHS = (
					"$(inherited)",
					"@executable_path/Frameworks",
				);
				MOMC_NO_INVERSE_RELATIONSHIP_WARNINGS = YES;
				PRODUCT_BUNDLE_IDENTIFIER = com.shady.ParrotChat;
				PRODUCT_NAME = "$(TARGET_NAME)";
				SWIFT_VERSION = 5.0;
				TARGETED_DEVICE_FAMILY = "1,2";
			};
			name = Release;
		};
		E61D9E5D24EBFB0600A29695 /* Debug */ = {
			isa = XCBuildConfiguration;
			buildSettings = {
				ALWAYS_EMBED_SWIFT_STANDARD_LIBRARIES = YES;
				BUNDLE_LOADER = "$(TEST_HOST)";
				CODE_SIGN_STYLE = Automatic;
				INFOPLIST_FILE = ParrotChatTests/Info.plist;
				IPHONEOS_DEPLOYMENT_TARGET = 13.6;
				LD_RUNPATH_SEARCH_PATHS = (
					"$(inherited)",
					"@executable_path/Frameworks",
					"@loader_path/Frameworks",
				);
				PRODUCT_BUNDLE_IDENTIFIER = com.shady.ParrotChatTests;
				PRODUCT_NAME = "$(TARGET_NAME)";
				SWIFT_VERSION = 5.0;
				TARGETED_DEVICE_FAMILY = "1,2";
				TEST_HOST = "$(BUILT_PRODUCTS_DIR)/ParrotChat.app/ParrotChat";
			};
			name = Debug;
		};
		E61D9E5E24EBFB0600A29695 /* Release */ = {
			isa = XCBuildConfiguration;
			buildSettings = {
				ALWAYS_EMBED_SWIFT_STANDARD_LIBRARIES = YES;
				BUNDLE_LOADER = "$(TEST_HOST)";
				CODE_SIGN_STYLE = Automatic;
				INFOPLIST_FILE = ParrotChatTests/Info.plist;
				IPHONEOS_DEPLOYMENT_TARGET = 13.6;
				LD_RUNPATH_SEARCH_PATHS = (
					"$(inherited)",
					"@executable_path/Frameworks",
					"@loader_path/Frameworks",
				);
				PRODUCT_BUNDLE_IDENTIFIER = com.shady.ParrotChatTests;
				PRODUCT_NAME = "$(TARGET_NAME)";
				SWIFT_VERSION = 5.0;
				TARGETED_DEVICE_FAMILY = "1,2";
				TEST_HOST = "$(BUILT_PRODUCTS_DIR)/ParrotChat.app/ParrotChat";
			};
			name = Release;
		};
/* End XCBuildConfiguration section */

/* Begin XCConfigurationList section */
		E61D9E3524EBFB0400A29695 /* Build configuration list for PBXProject "ParrotChat" */ = {
			isa = XCConfigurationList;
			buildConfigurations = (
				E61D9E5724EBFB0600A29695 /* Debug */,
				E61D9E5824EBFB0600A29695 /* Release */,
			);
			defaultConfigurationIsVisible = 0;
			defaultConfigurationName = Release;
		};
		E61D9E5924EBFB0600A29695 /* Build configuration list for PBXNativeTarget "ParrotChat" */ = {
			isa = XCConfigurationList;
			buildConfigurations = (
				E61D9E5A24EBFB0600A29695 /* Debug */,
				E61D9E5B24EBFB0600A29695 /* Release */,
			);
			defaultConfigurationIsVisible = 0;
			defaultConfigurationName = Release;
		};
		E61D9E5C24EBFB0600A29695 /* Build configuration list for PBXNativeTarget "ParrotChatTests" */ = {
			isa = XCConfigurationList;
			buildConfigurations = (
				E61D9E5D24EBFB0600A29695 /* Debug */,
				E61D9E5E24EBFB0600A29695 /* Release */,
			);
			defaultConfigurationIsVisible = 0;
			defaultConfigurationName = Release;
		};
/* End XCConfigurationList section */

/* Begin XCVersionGroup section */
		E66A27CD24F0653D0097B163 /* Store.xcdatamodeld */ = {
			isa = XCVersionGroup;
			children = (
				E66A27CE24F0653D0097B163 /* Store.xcdatamodel */,
			);
			currentVersion = E66A27CE24F0653D0097B163 /* Store.xcdatamodel */;
			path = Store.xcdatamodeld;
			sourceTree = "<group>";
			versionGroupType = wrapper.xcdatamodel;
		};
/* End XCVersionGroup section */
	};
	rootObject = E61D9E3224EBFB0400A29695 /* Project object */;
}
